
Microsoft Visual Studio Solution File, Format Version 12.00
# Visual Studio Version 17
VisualStudioVersion = 17.5.33502.453
MinimumVisualStudioVersion = 10.0.40219.1
Project("{9A19103F-16F7-4668-BE54-9A1E7A4F7556}") = "DaXiong.Tools.Configuration", "DaXiong.Tools.Configuration\DaXiong.Tools.Configuration.csproj", "{2B7BD7D4-BC56-4E5F-8436-39C0DA037C5E}"
EndProject
Project("{2150E333-8FDC-42A3-9474-1A3956D46DE8}") = "Tools", "Tools", "{78530CC3-01E7-46E3-81FC-97BDCB327AE2}"
EndProject
Project("{2150E333-8FDC-42A3-9474-1A3956D46DE8}") = "Samples", "Samples", "{EF95B65F-E67D-4CEA-834E-9DF3DD238785}"
EndProject
Project("{9A19103F-16F7-4668-BE54-9A1E7A4F7556}") = "DaXiong.Demo.WebApi", "DaXiong.Demo.WebApi\DaXiong.Demo.WebApi.csproj", "{46BCCF3D-2719-45BC-A240-6EF5B08A9469}"
EndProject
Project("{2150E333-8FDC-42A3-9474-1A3956D46DE8}") = "Test", "Test", "{0A45771B-0B8E-42B0-8EB5-CD4470754C2C}"
EndProject
Project("{9A19103F-16F7-4668-BE54-9A1E7A4F7556}") = "DaXiong.Tools.Xunit", "DaXiong.Tools.Xunit\DaXiong.Tools.Xunit.csproj", "{A554B201-186A-4501-9ADF-8D329F395529}"
EndProject
Project("{FAE04EC0-301F-11D3-BF4B-00C04F79EFBC}") = "DaXiong.Tools.Core", "DaXiong.Tools.Core\DaXiong.Tools.Core.csproj", "{B0FF38C8-0A14-4ED6-B285-1DACEA2200DC}"
EndProject
Global
	GlobalSection(SolutionConfigurationPlatforms) = preSolution
		Debug|Any CPU = Debug|Any CPU
		Release|Any CPU = Release|Any CPU
	EndGlobalSection
	GlobalSection(ProjectConfigurationPlatforms) = postSolution
		{2B7BD7D4-BC56-4E5F-8436-39C0DA037C5E}.Debug|Any CPU.ActiveCfg = Debug|Any CPU
		{2B7BD7D4-BC56-4E5F-8436-39C0DA037C5E}.Debug|Any CPU.Build.0 = Debug|Any CPU
		{2B7BD7D4-BC56-4E5F-8436-39C0DA037C5E}.Release|Any CPU.ActiveCfg = Release|Any CPU
		{2B7BD7D4-BC56-4E5F-8436-39C0DA037C5E}.Release|Any CPU.Build.0 = Release|Any CPU
		{46BCCF3D-2719-45BC-A240-6EF5B08A9469}.Debug|Any CPU.ActiveCfg = Debug|Any CPU
		{46BCCF3D-2719-45BC-A240-6EF5B08A9469}.Debug|Any CPU.Build.0 = Debug|Any CPU
		{46BCCF3D-2719-45BC-A240-6EF5B08A9469}.Release|Any CPU.ActiveCfg = Release|Any CPU
		{46BCCF3D-2719-45BC-A240-6EF5B08A9469}.Release|Any CPU.Build.0 = Release|Any CPU
		{A554B201-186A-4501-9ADF-8D329F395529}.Debug|Any CPU.ActiveCfg = Debug|Any CPU
		{A554B201-186A-4501-9ADF-8D329F395529}.Debug|Any CPU.Build.0 = Debug|Any CPU
		{A554B201-186A-4501-9ADF-8D329F395529}.Release|Any CPU.ActiveCfg = Release|Any CPU
		{A554B201-186A-4501-9ADF-8D329F395529}.Release|Any CPU.Build.0 = Release|Any CPU
		{B0FF38C8-0A14-4ED6-B285-1DACEA2200DC}.Debug|Any CPU.ActiveCfg = Debug|Any CPU
		{B0FF38C8-0A14-4ED6-B285-1DACEA2200DC}.Debug|Any CPU.Build.0 = Debug|Any CPU
		{B0FF38C8-0A14-4ED6-B285-1DACEA2200DC}.Release|Any CPU.ActiveCfg = Release|Any CPU
		{B0FF38C8-0A14-4ED6-B285-1DACEA2200DC}.Release|Any CPU.Build.0 = Release|Any CPU
	EndGlobalSection
	GlobalSection(SolutionProperties) = preSolution
		HideSolutionNode = FALSE
	EndGlobalSection
	GlobalSection(NestedProjects) = preSolution
		{2B7BD7D4-BC56-4E5F-8436-39C0DA037C5E} = {78530CC3-01E7-46E3-81FC-97BDCB327AE2}
		{46BCCF3D-2719-45BC-A240-6EF5B08A9469} = {EF95B65F-E67D-4CEA-834E-9DF3DD238785}
		{A554B201-186A-4501-9ADF-8D329F395529} = {0A45771B-0B8E-42B0-8EB5-CD4470754C2C}
		{B0FF38C8-0A14-4ED6-B285-1DACEA2200DC} = {78530CC3-01E7-46E3-81FC-97BDCB327AE2}
	EndGlobalSection
	GlobalSection(ExtensibilityGlobals) = postSolution
		SolutionGuid = {692D60C7-FD50-4991-90AD-898139778025}
	EndGlobalSection
EndGlobal
